
Microsoft Visual Studio Solution File, Format Version 12.00
# Visual Studio 15
VisualStudioVersion = 15.0.26730.3
MinimumVisualStudioVersion = 10.0.40219.1
Project("{FAE04EC0-301F-11D3-BF4B-00C04F79EFBC}") = "SportsStore.WebUI", "SportsStore.WebUI\SportsStore.WebUI.csproj", "{34DC327E-4422-4B63-8BFA-7AF57B1BF52D}"
EndProject
Project("{FAE04EC0-301F-11D3-BF4B-00C04F79EFBC}") = "SportsStore.UnitTests", "SportsStore.UnitTests\SportsStore.UnitTests.csproj", "{EA565EC2-0416-46AF-83A3-26E67676AEB2}"
EndProject
Project("{FAE04EC0-301F-11D3-BF4B-00C04F79EFBC}") = "SportsStore.Domain", "SportsStore.Domain\SportsStore.Domain.csproj", "{2D997C73-2B28-4A91-9298-970481B858CD}"
EndProject
Global
	GlobalSection(SolutionConfigurationPlatforms) = preSolution
		Debug|Any CPU = Debug|Any CPU
		Release|Any CPU = Release|Any CPU
	EndGlobalSection
	GlobalSection(ProjectConfigurationPlatforms) = postSolution
		{34DC327E-4422-4B63-8BFA-7AF57B1BF52D}.Debug|Any CPU.ActiveCfg = Debug|Any CPU
		{34DC327E-4422-4B63-8BFA-7AF57B1BF52D}.Debug|Any CPU.Build.0 = Debug|Any CPU
		{34DC327E-4422-4B63-8BFA-7AF57B1BF52D}.Release|Any CPU.ActiveCfg = Release|Any CPU
		{34DC327E-4422-4B63-8BFA-7AF57B1BF52D}.Release|Any CPU.Build.0 = Release|Any CPU
		{EA565EC2-0416-46AF-83A3-26E67676AEB2}.Debug|Any CPU.ActiveCfg = Debug|Any CPU
		{EA565EC2-0416-46AF-83A3-26E67676AEB2}.Debug|Any CPU.Build.0 = Debug|Any CPU
		{EA565EC2-0416-46AF-83A3-26E67676AEB2}.Release|Any CPU.ActiveCfg = Release|Any CPU
		{EA565EC2-0416-46AF-83A3-26E67676AEB2}.Release|Any CPU.Build.0 = Release|Any CPU
		{2D997C73-2B28-4A91-9298-970481B858CD}.Debug|Any CPU.ActiveCfg = Debug|Any CPU
		{2D997C73-2B28-4A91-9298-970481B858CD}.Debug|Any CPU.Build.0 = Debug|Any CPU
		{2D997C73-2B28-4A91-9298-970481B858CD}.Release|Any CPU.ActiveCfg = Release|Any CPU
		{2D997C73-2B28-4A91-9298-970481B858CD}.Release|Any CPU.Build.0 = Release|Any CPU
	EndGlobalSection
	GlobalSection(SolutionProperties) = preSolution
		HideSolutionNode = FALSE
	EndGlobalSection
	GlobalSection(ExtensibilityGlobals) = postSolution
		SolutionGuid = {00725517-38E6-4CEE-9207-F17D8DE8331B}
	EndGlobalSection
EndGlobal
