
Microsoft Visual Studio Solution File, Format Version 12.00
# Visual Studio 15
VisualStudioVersion = 15.0.26730.3
MinimumVisualStudioVersion = 10.0.40219.1
Project("{FAE04EC0-301F-11D3-BF4B-00C04F79EFBC}") = "EssentialTools", "EssentialTools\EssentialTools.csproj", "{989EAE1A-C6F3-4990-A8F0-CF6E1130A084}"
EndProject
Project("{FAE04EC0-301F-11D3-BF4B-00C04F79EFBC}") = "EssentialTools.Test", "EssentialTools.Test\EssentialTools.Test.csproj", "{B32B0BD8-2137-468C-87D3-62FE6C85FB25}"
EndProject
Global
	GlobalSection(SolutionConfigurationPlatforms) = preSolution
		Debug|Any CPU = Debug|Any CPU
		Release|Any CPU = Release|Any CPU
	EndGlobalSection
	GlobalSection(ProjectConfigurationPlatforms) = postSolution
		{989EAE1A-C6F3-4990-A8F0-CF6E1130A084}.Debug|Any CPU.ActiveCfg = Debug|Any CPU
		{989EAE1A-C6F3-4990-A8F0-CF6E1130A084}.Debug|Any CPU.Build.0 = Debug|Any CPU
		{989EAE1A-C6F3-4990-A8F0-CF6E1130A084}.Release|Any CPU.ActiveCfg = Release|Any CPU
		{989EAE1A-C6F3-4990-A8F0-CF6E1130A084}.Release|Any CPU.Build.0 = Release|Any CPU
		{B32B0BD8-2137-468C-87D3-62FE6C85FB25}.Debug|Any CPU.ActiveCfg = Debug|Any CPU
		{B32B0BD8-2137-468C-87D3-62FE6C85FB25}.Debug|Any CPU.Build.0 = Debug|Any CPU
		{B32B0BD8-2137-468C-87D3-62FE6C85FB25}.Release|Any CPU.ActiveCfg = Release|Any CPU
		{B32B0BD8-2137-468C-87D3-62FE6C85FB25}.Release|Any CPU.Build.0 = Release|Any CPU
	EndGlobalSection
	GlobalSection(SolutionProperties) = preSolution
		HideSolutionNode = FALSE
	EndGlobalSection
	GlobalSection(ExtensibilityGlobals) = postSolution
		SolutionGuid = {0469E467-E187-43B6-85BD-D11158D8D71E}
	EndGlobalSection
EndGlobal
